
Microsoft Visual Studio Solution File, Format Version 12.00
# Visual Studio Version 17
VisualStudioVersion = 17.0.31903.59
MinimumVisualStudioVersion = 10.0.40219.1
Project("{FAE04EC0-301F-11D3-BF4B-00C04F79EFBC}") = "BookMyHome.Api", "BookMyHome.Api\BookMyHome.Api.csproj", "{F15058DF-E420-4AF3-93E7-CDBE15A6BE3F}"
EndProject
Project("{FAE04EC0-301F-11D3-BF4B-00C04F79EFBC}") = "BookMyHome.Application", "BookMyHome.Application\BookMyHome.Application.csproj", "{BF9BD4C6-48CE-4F8F-8372-81DCF422DA74}"
EndProject
Project("{FAE04EC0-301F-11D3-BF4B-00C04F79EFBC}") = "BookMyHome.Domain", "BookMyHome.Domain\BookMyHome.Domain.csproj", "{A2479E73-E6F7-4B59-94E3-31E156272CA0}"
EndProject
Project("{FAE04EC0-301F-11D3-BF4B-00C04F79EFBC}") = "BookMyHome.Domain.Test", "BookMyHome.Domain.Test\BookMyHome.Domain.Test.csproj", "{7B44F7A7-328D-43DF-838B-8EE8A6FBA346}"
EndProject
Project("{FAE04EC0-301F-11D3-BF4B-00C04F79EFBC}") = "BookMyHome.Infrastructure", "BookMyHome.Infrastructure\BookMyHome.Infrastructure.csproj", "{82B557EA-335B-4144-A302-77A1B54608D8}"
EndProject
Project("{FAE04EC0-301F-11D3-BF4B-00C04F79EFBC}") = "BookMyHome.DatabaseMigration", "BookMyHome.DatabaseMigration\BookMyHome.DatabaseMigration.csproj", "{07845F33-51B2-4F53-975E-C8BBC49F28BE}"
EndProject
Project("{2150E333-8FDC-42A3-9474-1A3956D46DE8}") = "BookMyHome", "BookMyHome", "{D8500A5D-01FD-4552-BDAC-E2FA6ED4436E}"
EndProject
Project("{2150E333-8FDC-42A3-9474-1A3956D46DE8}") = "AddressServiceDAWA", "AddressServiceDAWA", "{1D148B5C-F201-478C-9BD7-EF30EBA4D817}"
EndProject
Project("{FAE04EC0-301F-11D3-BF4B-00C04F79EFBC}") = "AddressServiceDAWA.Api", "AddressServiceDAWA.Api\AddressServiceDAWA.Api.csproj", "{4A7F2D43-B2D3-4D0F-B23D-E3EF8F734BB2}"
EndProject
Project("{FAE04EC0-301F-11D3-BF4B-00C04F79EFBC}") = "AddressServiceDAWA.Application", "AddressServiceDAWA.Application\AddressServiceDAWA.Application.csproj", "{4C920D87-1CB9-41BB-86E5-E32E87AA5CF0}"
EndProject
Project("{FAE04EC0-301F-11D3-BF4B-00C04F79EFBC}") = "AddressServiceDAWA.DatabaseMigration", "AddressServiceDAWA.DatabaseMigration\AddressServiceDAWA.DatabaseMigration.csproj", "{F57E54EE-9BF2-4F4D-96D6-C9E803E0FFE6}"
EndProject
Project("{FAE04EC0-301F-11D3-BF4B-00C04F79EFBC}") = "AddressServiceDAWA.Domain", "AddressServiceDAWA.Domain\AddressServiceDAWA.Domain.csproj", "{FC80C62E-B570-4C0B-9315-6B91674140B9}"
EndProject
Project("{FAE04EC0-301F-11D3-BF4B-00C04F79EFBC}") = "AddressServiceDAWA.Domain.Test", "AddressServiceDAWA.Domain.Test\AddressServiceDAWA.Domain.Test.csproj", "{8DF17351-84A0-4E2A-A083-507D12AAA725}"
EndProject
Project("{FAE04EC0-301F-11D3-BF4B-00C04F79EFBC}") = "AddressServiceDAWA.Infrastructure", "AddressServiceDAWA.Infrastructure\AddressServiceDAWA.Infrastructure.csproj", "{01DF6395-D85D-48B9-8375-EB4717C92728}"
EndProject
Global
	GlobalSection(SolutionConfigurationPlatforms) = preSolution
		Debug|Any CPU = Debug|Any CPU
		Release|Any CPU = Release|Any CPU
	EndGlobalSection
	GlobalSection(ProjectConfigurationPlatforms) = postSolution
		{F15058DF-E420-4AF3-93E7-CDBE15A6BE3F}.Debug|Any CPU.ActiveCfg = Debug|Any CPU
		{F15058DF-E420-4AF3-93E7-CDBE15A6BE3F}.Debug|Any CPU.Build.0 = Debug|Any CPU
		{F15058DF-E420-4AF3-93E7-CDBE15A6BE3F}.Release|Any CPU.ActiveCfg = Release|Any CPU
		{F15058DF-E420-4AF3-93E7-CDBE15A6BE3F}.Release|Any CPU.Build.0 = Release|Any CPU
		{BF9BD4C6-48CE-4F8F-8372-81DCF422DA74}.Debug|Any CPU.ActiveCfg = Debug|Any CPU
		{BF9BD4C6-48CE-4F8F-8372-81DCF422DA74}.Debug|Any CPU.Build.0 = Debug|Any CPU
		{BF9BD4C6-48CE-4F8F-8372-81DCF422DA74}.Release|Any CPU.ActiveCfg = Release|Any CPU
		{BF9BD4C6-48CE-4F8F-8372-81DCF422DA74}.Release|Any CPU.Build.0 = Release|Any CPU
		{A2479E73-E6F7-4B59-94E3-31E156272CA0}.Debug|Any CPU.ActiveCfg = Debug|Any CPU
		{A2479E73-E6F7-4B59-94E3-31E156272CA0}.Debug|Any CPU.Build.0 = Debug|Any CPU
		{A2479E73-E6F7-4B59-94E3-31E156272CA0}.Release|Any CPU.ActiveCfg = Release|Any CPU
		{A2479E73-E6F7-4B59-94E3-31E156272CA0}.Release|Any CPU.Build.0 = Release|Any CPU
		{7B44F7A7-328D-43DF-838B-8EE8A6FBA346}.Debug|Any CPU.ActiveCfg = Debug|Any CPU
		{7B44F7A7-328D-43DF-838B-8EE8A6FBA346}.Debug|Any CPU.Build.0 = Debug|Any CPU
		{7B44F7A7-328D-43DF-838B-8EE8A6FBA346}.Release|Any CPU.ActiveCfg = Release|Any CPU
		{7B44F7A7-328D-43DF-838B-8EE8A6FBA346}.Release|Any CPU.Build.0 = Release|Any CPU
		{82B557EA-335B-4144-A302-77A1B54608D8}.Debug|Any CPU.ActiveCfg = Debug|Any CPU
		{82B557EA-335B-4144-A302-77A1B54608D8}.Debug|Any CPU.Build.0 = Debug|Any CPU
		{82B557EA-335B-4144-A302-77A1B54608D8}.Release|Any CPU.ActiveCfg = Release|Any CPU
		{82B557EA-335B-4144-A302-77A1B54608D8}.Release|Any CPU.Build.0 = Release|Any CPU
		{07845F33-51B2-4F53-975E-C8BBC49F28BE}.Debug|Any CPU.ActiveCfg = Debug|Any CPU
		{07845F33-51B2-4F53-975E-C8BBC49F28BE}.Debug|Any CPU.Build.0 = Debug|Any CPU
		{07845F33-51B2-4F53-975E-C8BBC49F28BE}.Release|Any CPU.ActiveCfg = Release|Any CPU
		{07845F33-51B2-4F53-975E-C8BBC49F28BE}.Release|Any CPU.Build.0 = Release|Any CPU
		{4A7F2D43-B2D3-4D0F-B23D-E3EF8F734BB2}.Debug|Any CPU.ActiveCfg = Debug|Any CPU
		{4A7F2D43-B2D3-4D0F-B23D-E3EF8F734BB2}.Debug|Any CPU.Build.0 = Debug|Any CPU
		{4A7F2D43-B2D3-4D0F-B23D-E3EF8F734BB2}.Release|Any CPU.ActiveCfg = Release|Any CPU
		{4A7F2D43-B2D3-4D0F-B23D-E3EF8F734BB2}.Release|Any CPU.Build.0 = Release|Any CPU
		{4C920D87-1CB9-41BB-86E5-E32E87AA5CF0}.Debug|Any CPU.ActiveCfg = Debug|Any CPU
		{4C920D87-1CB9-41BB-86E5-E32E87AA5CF0}.Debug|Any CPU.Build.0 = Debug|Any CPU
		{4C920D87-1CB9-41BB-86E5-E32E87AA5CF0}.Release|Any CPU.ActiveCfg = Release|Any CPU
		{4C920D87-1CB9-41BB-86E5-E32E87AA5CF0}.Release|Any CPU.Build.0 = Release|Any CPU
		{F57E54EE-9BF2-4F4D-96D6-C9E803E0FFE6}.Debug|Any CPU.ActiveCfg = Debug|Any CPU
		{F57E54EE-9BF2-4F4D-96D6-C9E803E0FFE6}.Debug|Any CPU.Build.0 = Debug|Any CPU
		{F57E54EE-9BF2-4F4D-96D6-C9E803E0FFE6}.Release|Any CPU.ActiveCfg = Release|Any CPU
		{F57E54EE-9BF2-4F4D-96D6-C9E803E0FFE6}.Release|Any CPU.Build.0 = Release|Any CPU
		{FC80C62E-B570-4C0B-9315-6B91674140B9}.Debug|Any CPU.ActiveCfg = Debug|Any CPU
		{FC80C62E-B570-4C0B-9315-6B91674140B9}.Debug|Any CPU.Build.0 = Debug|Any CPU
		{FC80C62E-B570-4C0B-9315-6B91674140B9}.Release|Any CPU.ActiveCfg = Release|Any CPU
		{FC80C62E-B570-4C0B-9315-6B91674140B9}.Release|Any CPU.Build.0 = Release|Any CPU
		{8DF17351-84A0-4E2A-A083-507D12AAA725}.Debug|Any CPU.ActiveCfg = Debug|Any CPU
		{8DF17351-84A0-4E2A-A083-507D12AAA725}.Debug|Any CPU.Build.0 = Debug|Any CPU
		{8DF17351-84A0-4E2A-A083-507D12AAA725}.Release|Any CPU.ActiveCfg = Release|Any CPU
		{8DF17351-84A0-4E2A-A083-507D12AAA725}.Release|Any CPU.Build.0 = Release|Any CPU
		{01DF6395-D85D-48B9-8375-EB4717C92728}.Debug|Any CPU.ActiveCfg = Debug|Any CPU
		{01DF6395-D85D-48B9-8375-EB4717C92728}.Debug|Any CPU.Build.0 = Debug|Any CPU
		{01DF6395-D85D-48B9-8375-EB4717C92728}.Release|Any CPU.ActiveCfg = Release|Any CPU
		{01DF6395-D85D-48B9-8375-EB4717C92728}.Release|Any CPU.Build.0 = Release|Any CPU
	EndGlobalSection
	GlobalSection(SolutionProperties) = preSolution
		HideSolutionNode = FALSE
	EndGlobalSection
	GlobalSection(NestedProjects) = preSolution
		{F15058DF-E420-4AF3-93E7-CDBE15A6BE3F} = {D8500A5D-01FD-4552-BDAC-E2FA6ED4436E}
		{BF9BD4C6-48CE-4F8F-8372-81DCF422DA74} = {D8500A5D-01FD-4552-BDAC-E2FA6ED4436E}
		{A2479E73-E6F7-4B59-94E3-31E156272CA0} = {D8500A5D-01FD-4552-BDAC-E2FA6ED4436E}
		{7B44F7A7-328D-43DF-838B-8EE8A6FBA346} = {D8500A5D-01FD-4552-BDAC-E2FA6ED4436E}
		{82B557EA-335B-4144-A302-77A1B54608D8} = {D8500A5D-01FD-4552-BDAC-E2FA6ED4436E}
		{07845F33-51B2-4F53-975E-C8BBC49F28BE} = {D8500A5D-01FD-4552-BDAC-E2FA6ED4436E}
		{4A7F2D43-B2D3-4D0F-B23D-E3EF8F734BB2} = {1D148B5C-F201-478C-9BD7-EF30EBA4D817}
		{4C920D87-1CB9-41BB-86E5-E32E87AA5CF0} = {1D148B5C-F201-478C-9BD7-EF30EBA4D817}
		{F57E54EE-9BF2-4F4D-96D6-C9E803E0FFE6} = {1D148B5C-F201-478C-9BD7-EF30EBA4D817}
		{FC80C62E-B570-4C0B-9315-6B91674140B9} = {1D148B5C-F201-478C-9BD7-EF30EBA4D817}
		{8DF17351-84A0-4E2A-A083-507D12AAA725} = {1D148B5C-F201-478C-9BD7-EF30EBA4D817}
		{01DF6395-D85D-48B9-8375-EB4717C92728} = {1D148B5C-F201-478C-9BD7-EF30EBA4D817}
	EndGlobalSection
	GlobalSection(ExtensibilityGlobals) = postSolution
		SolutionGuid = {2BBCB996-C9CF-4599-8200-BC88B88988A9}
	EndGlobalSection
EndGlobal
